
Microsoft Visual Studio Solution File, Format Version 12.00
# Visual Studio 15
VisualStudioVersion = 15.0.27130.2027
MinimumVisualStudioVersion = 10.0.40219.1
Project("{9A19103F-16F7-4668-BE54-9A1E7A4F7556}") = "Urbagestion.UI.Web", "Urbagestion.UI.Web\Urbagestion.UI.Web.csproj", "{7800D8D2-0A2E-4C7D-AAF5-FA15486376D6}"
EndProject
Project("{9A19103F-16F7-4668-BE54-9A1E7A4F7556}") = "Urbagestion.Model", "Urbagestion.Data\Urbagestion.Model.csproj", "{0DDBD557-F855-4789-BFBB-5109BBB8ED6E}"
EndProject
Project("{9A19103F-16F7-4668-BE54-9A1E7A4F7556}") = "Urbagestion.DataAccess", "Urbagestion.DataAccess\Urbagestion.DataAccess.csproj", "{E77CB48D-F6BF-4ACB-B48A-CD101C12E264}"
EndProject
Project("{2150E333-8FDC-42A3-9474-1A3956D46DE8}") = "Database", "Database", "{4D24A9E8-AC0F-42C1-9034-C34BC6881C5E}"
	ProjectSection(SolutionItems) = preProject
		Database\CreateDatabaseAtLocation.sql = Database\CreateDatabaseAtLocation.sql
		Database\Data-Migrations-commands.txt = Database\Data-Migrations-commands.txt
	EndProjectSection
EndProject
Project("{9A19103F-16F7-4668-BE54-9A1E7A4F7556}") = "Urbagestion.Util", "Urbagestion.Util\Urbagestion.Util.csproj", "{E91320CE-2ECA-4E44-A9E6-565817CC077E}"
EndProject
Project("{9A19103F-16F7-4668-BE54-9A1E7A4F7556}") = "Urbagestion.UI.Web.Test", "Urbagestion.UI.Web.Test\Urbagestion.UI.Web.Test.csproj", "{7288A0CF-B900-42A3-BDC2-C9056D0D99E0}"
EndProject
Global
	GlobalSection(SolutionConfigurationPlatforms) = preSolution
		Debug|Any CPU = Debug|Any CPU
		Release|Any CPU = Release|Any CPU
	EndGlobalSection
	GlobalSection(ProjectConfigurationPlatforms) = postSolution
		{7800D8D2-0A2E-4C7D-AAF5-FA15486376D6}.Debug|Any CPU.ActiveCfg = Debug|Any CPU
		{7800D8D2-0A2E-4C7D-AAF5-FA15486376D6}.Debug|Any CPU.Build.0 = Debug|Any CPU
		{7800D8D2-0A2E-4C7D-AAF5-FA15486376D6}.Release|Any CPU.ActiveCfg = Release|Any CPU
		{7800D8D2-0A2E-4C7D-AAF5-FA15486376D6}.Release|Any CPU.Build.0 = Release|Any CPU
		{0DDBD557-F855-4789-BFBB-5109BBB8ED6E}.Debug|Any CPU.ActiveCfg = Debug|Any CPU
		{0DDBD557-F855-4789-BFBB-5109BBB8ED6E}.Debug|Any CPU.Build.0 = Debug|Any CPU
		{0DDBD557-F855-4789-BFBB-5109BBB8ED6E}.Release|Any CPU.ActiveCfg = Release|Any CPU
		{0DDBD557-F855-4789-BFBB-5109BBB8ED6E}.Release|Any CPU.Build.0 = Release|Any CPU
		{E77CB48D-F6BF-4ACB-B48A-CD101C12E264}.Debug|Any CPU.ActiveCfg = Debug|Any CPU
		{E77CB48D-F6BF-4ACB-B48A-CD101C12E264}.Debug|Any CPU.Build.0 = Debug|Any CPU
		{E77CB48D-F6BF-4ACB-B48A-CD101C12E264}.Release|Any CPU.ActiveCfg = Release|Any CPU
		{E77CB48D-F6BF-4ACB-B48A-CD101C12E264}.Release|Any CPU.Build.0 = Release|Any CPU
		{E91320CE-2ECA-4E44-A9E6-565817CC077E}.Debug|Any CPU.ActiveCfg = Debug|Any CPU
		{E91320CE-2ECA-4E44-A9E6-565817CC077E}.Debug|Any CPU.Build.0 = Debug|Any CPU
		{E91320CE-2ECA-4E44-A9E6-565817CC077E}.Release|Any CPU.ActiveCfg = Release|Any CPU
		{E91320CE-2ECA-4E44-A9E6-565817CC077E}.Release|Any CPU.Build.0 = Release|Any CPU
		{7288A0CF-B900-42A3-BDC2-C9056D0D99E0}.Debug|Any CPU.ActiveCfg = Debug|Any CPU
		{7288A0CF-B900-42A3-BDC2-C9056D0D99E0}.Debug|Any CPU.Build.0 = Debug|Any CPU
		{7288A0CF-B900-42A3-BDC2-C9056D0D99E0}.Release|Any CPU.ActiveCfg = Release|Any CPU
		{7288A0CF-B900-42A3-BDC2-C9056D0D99E0}.Release|Any CPU.Build.0 = Release|Any CPU
	EndGlobalSection
	GlobalSection(SolutionProperties) = preSolution
		HideSolutionNode = FALSE
	EndGlobalSection
	GlobalSection(ExtensibilityGlobals) = postSolution
		SolutionGuid = {B9524D80-2F07-4F5A-ABD3-87F7ED2033CC}
	EndGlobalSection
EndGlobal
